// !$*UTF8*$!
{
	archiveVersion = 1;
	classes = {
	};
	objectVersion = 77;
	objects = {

/* Begin PBXBuildFile section */
		2CB5018606CABCC6E54F861C /* NotificationViewController.swift in Sources */ = {isa = PBXBuildFile; fileRef = 31CCCA7917C39FEEDD9DB2C1 /* NotificationViewController.swift */; };
		2CE296A1228E1847F09F6C05 /* RichNotificationCore in Frameworks */ = {isa = PBXBuildFile; productRef = E3EC72D8EFB91CE3E192E191 /* RichNotificationCore */; };
		34386934FB1068D522F52A08 /* AppFeature in Frameworks */ = {isa = PBXBuildFile; productRef = A8255B985D25AB005A4FF769 /* AppFeature */; };
		3F06D4B7F572315C6EF747BD /* BadgeCelebrationView.swift in Sources */ = {isa = PBXBuildFile; fileRef = D01804FC291CF4920F12B16F /* BadgeCelebrationView.swift */; };
		4FBA78442CEEB4FA473CD110 /* NotificationContent.appex in Embed App Extensions */ = {isa = PBXBuildFile; fileRef = A6992C8FB168943BAC7A4CF9 /* NotificationContent.appex */; settings = {ATTRIBUTES = (RemoveHeadersOnCopy, ); }; };
		83237DBFC311BA737F86BA41 /* Foundation.framework in Frameworks */ = {isa = PBXBuildFile; fileRef = 74BB5CA269F8EC31B9CBD884 /* Foundation.framework */; };
		8976201D81210E2C33D5AC0C /* RichNotificationCore in Frameworks */ = {isa = PBXBuildFile; productRef = 69E5F26EF752F84EAC76CDF5 /* RichNotificationCore */; };
		A240023F75471DD1DC831B5C /* NotificationService.appex in Embed App Extensions */ = {isa = PBXBuildFile; fileRef = D6EA223239B880CEA0AC6841 /* NotificationService.appex */; settings = {ATTRIBUTES = (RemoveHeadersOnCopy, ); }; };
		A28A91A4975182F7B7DEE529 /* Foundation.framework in Frameworks */ = {isa = PBXBuildFile; fileRef = 74BB5CA269F8EC31B9CBD884 /* Foundation.framework */; };
		A4022E7F295FE0C3BEA929F7 /* NotificationServiceExtension.swift in Sources */ = {isa = PBXBuildFile; fileRef = CA22F0DDC64BBEC1F91E34F9 /* NotificationServiceExtension.swift */; };
		EDFDEA9C83B4DC9D20B0DAF6 /* AttachmentBuilder.swift in Sources */ = {isa = PBXBuildFile; fileRef = 42C0EE11B53B7CF09E364FB2 /* AttachmentBuilder.swift */; };
/* End PBXBuildFile section */

/* Begin PBXContainerItemProxy section */
		00BC345F0F71D25AD124AF4F /* PBXContainerItemProxy */ = {
			isa = PBXContainerItemProxy;
			containerPortal = 15E751752FF4A90000FA8025 /* Project object */;
			proxyType = 1;
			remoteGlobalIDString = D3948911419436A64F970E67;
			remoteInfo = NotificationService;
		};
		9A6C39CAEF0DD6228E20D728 /* PBXContainerItemProxy */ = {
			isa = PBXContainerItemProxy;
			containerPortal = 15E751752FF4A90000FA8025 /* Project object */;
			proxyType = 1;
			remoteGlobalIDString = 1C0EE782616AF2DD9385EDB7;
			remoteInfo = NotificationContent;
		};
/* End PBXContainerItemProxy section */

/* Begin PBXCopyFilesBuildPhase section */
		B612A12FC6D32685E17E1735 /* Embed App Extensions */ = {
			isa = PBXCopyFilesBuildPhase;
			buildActionMask = 2147483647;
			dstPath = "";
			dstSubfolderSpec = 13;
			files = (
				A240023F75471DD1DC831B5C /* NotificationService.appex in Embed App Extensions */,
				4FBA78442CEEB4FA473CD110 /* NotificationContent.appex in Embed App Extensions */,
			);
			name = "Embed App Extensions";
			runOnlyForDeploymentPostprocessing = 0;
		};
/* End PBXCopyFilesBuildPhase section */

/* Begin PBXFileReference section */
		15E7517D2FF4A90000FA8025 /* ChapterFlow.app */ = {isa = PBXFileReference; explicitFileType = wrapper.application; includeInIndex = 0; path = ChapterFlow.app; sourceTree = BUILT_PRODUCTS_DIR; };
		18EA46ABF3A38A13F2985782 /* Secrets.xcconfig */ = {isa = PBXFileReference; includeInIndex = 1; lastKnownFileType = text.xcconfig; path = Secrets.xcconfig; sourceTree = "<group>"; };
		31CCCA7917C39FEEDD9DB2C1 /* NotificationViewController.swift */ = {isa = PBXFileReference; includeInIndex = 1; lastKnownFileType = sourcecode.swift; name = NotificationViewController.swift; path = NotificationContent/NotificationViewController.swift; sourceTree = "<group>"; };
		42C0EE11B53B7CF09E364FB2 /* AttachmentBuilder.swift */ = {isa = PBXFileReference; includeInIndex = 1; lastKnownFileType = sourcecode.swift; name = AttachmentBuilder.swift; path = NotificationService/AttachmentBuilder.swift; sourceTree = "<group>"; };
		74BB5CA269F8EC31B9CBD884 /* Foundation.framework */ = {isa = PBXFileReference; lastKnownFileType = wrapper.framework; name = Foundation.framework; path = Platforms/iPhoneOS.platform/Developer/SDKs/iPhoneOS18.0.sdk/System/Library/Frameworks/Foundation.framework; sourceTree = DEVELOPER_DIR; };
		A6992C8FB168943BAC7A4CF9 /* NotificationContent.appex */ = {isa = PBXFileReference; explicitFileType = "wrapper.app-extension"; includeInIndex = 0; path = NotificationContent.appex; sourceTree = BUILT_PRODUCTS_DIR; };
		CA22F0DDC64BBEC1F91E34F9 /* NotificationServiceExtension.swift */ = {isa = PBXFileReference; includeInIndex = 1; lastKnownFileType = sourcecode.swift; name = NotificationServiceExtension.swift; path = NotificationService/NotificationServiceExtension.swift; sourceTree = "<group>"; };
		D01804FC291CF4920F12B16F /* BadgeCelebrationView.swift */ = {isa = PBXFileReference; includeInIndex = 1; lastKnownFileType = sourcecode.swift; name = BadgeCelebrationView.swift; path = NotificationContent/BadgeCelebrationView.swift; sourceTree = "<group>"; };
		D6EA223239B880CEA0AC6841 /* NotificationService.appex */ = {isa = PBXFileReference; explicitFileType = "wrapper.app-extension"; includeInIndex = 0; path = NotificationService.appex; sourceTree = BUILT_PRODUCTS_DIR; };
/* End PBXFileReference section */

/* Begin PBXFileSystemSynchronizedRootGroup section */
		15E7517F2FF4A90000FA8025 /* ChapterFlow */ = {
			isa = PBXFileSystemSynchronizedRootGroup;
			exceptions = (
			);
			path = ChapterFlow;
			sourceTree = "<group>";
		};
/* End PBXFileSystemSynchronizedRootGroup section */

/* Begin PBXFrameworksBuildPhase section */
		15E7517A2FF4A90000FA8025 /* Frameworks */ = {
			isa = PBXFrameworksBuildPhase;
			buildActionMask = 2147483647;
			files = (
				34386934FB1068D522F52A08 /* AppFeature in Frameworks */,
			);
			runOnlyForDeploymentPostprocessing = 0;
		};
		507B623D08B92A7A7CFC0189 /* Frameworks */ = {
			isa = PBXFrameworksBuildPhase;
			buildActionMask = 2147483647;
			files = (
				83237DBFC311BA737F86BA41 /* Foundation.framework in Frameworks */,
				8976201D81210E2C33D5AC0C /* RichNotificationCore in Frameworks */,
			);
			runOnlyForDeploymentPostprocessing = 0;
		};
		FA8BAD992FD3DEA5FE202E0E /* Frameworks */ = {
			isa = PBXFrameworksBuildPhase;
			buildActionMask = 2147483647;
			files = (
				A28A91A4975182F7B7DEE529 /* Foundation.framework in Frameworks */,
				2CE296A1228E1847F09F6C05 /* RichNotificationCore in Frameworks */,
			);
			runOnlyForDeploymentPostprocessing = 0;
		};
/* End PBXFrameworksBuildPhase section */

/* Begin PBXGroup section */
		15E751742FF4A90000FA8025 = {
			isa = PBXGroup;
			children = (
				15E7517F2FF4A90000FA8025 /* ChapterFlow */,
				15E7517E2FF4A90000FA8025 /* Products */,
				18EA46ABF3A38A13F2985782 /* Secrets.xcconfig */,
				769DD7FB58499EC0B500815E /* Frameworks */,
				ECE2AFE30A257C7A5779C344 /* NotificationService */,
				EF0949C8D37DE2730D0982DF /* NotificationContent */,
			);
			sourceTree = "<group>";
		};
		15E7517E2FF4A90000FA8025 /* Products */ = {
			isa = PBXGroup;
			children = (
				15E7517D2FF4A90000FA8025 /* ChapterFlow.app */,
				D6EA223239B880CEA0AC6841 /* NotificationService.appex */,
				A6992C8FB168943BAC7A4CF9 /* NotificationContent.appex */,
			);
			name = Products;
			sourceTree = "<group>";
		};
		769DD7FB58499EC0B500815E /* Frameworks */ = {
			isa = PBXGroup;
			children = (
				EF3BA11481C60A56D9DEBC9E /* iOS */,
			);
			name = Frameworks;
			sourceTree = "<group>";
		};
		ECE2AFE30A257C7A5779C344 /* NotificationService */ = {
			isa = PBXGroup;
			children = (
				42C0EE11B53B7CF09E364FB2 /* AttachmentBuilder.swift */,
				CA22F0DDC64BBEC1F91E34F9 /* NotificationServiceExtension.swift */,
			);
			name = NotificationService;
			path = NotificationService;
			sourceTree = "<group>";
		};
		EF0949C8D37DE2730D0982DF /* NotificationContent */ = {
			isa = PBXGroup;
			children = (
				D01804FC291CF4920F12B16F /* BadgeCelebrationView.swift */,
				31CCCA7917C39FEEDD9DB2C1 /* NotificationViewController.swift */,
			);
			name = NotificationContent;
			path = NotificationContent;
			sourceTree = "<group>";
		};
		EF3BA11481C60A56D9DEBC9E /* iOS */ = {
			isa = PBXGroup;
			children = (
				74BB5CA269F8EC31B9CBD884 /* Foundation.framework */,
			);
			name = iOS;
			sourceTree = "<group>";
		};
/* End PBXGroup section */

/* Begin PBXNativeTarget section */
		15E7517C2FF4A90000FA8025 /* ChapterFlow */ = {
			isa = PBXNativeTarget;
			buildConfigurationList = 15E751882FF4A90400FA8025 /* Build configuration list for PBXNativeTarget "ChapterFlow" */;
			buildPhases = (
				15E751792FF4A90000FA8025 /* Sources */,
				15E7517A2FF4A90000FA8025 /* Frameworks */,
				15E7517B2FF4A90000FA8025 /* Resources */,
				B612A12FC6D32685E17E1735 /* Embed App Extensions */,
			);
			buildRules = (
			);
			dependencies = (
				6C98670E4BE43DC7866E4046 /* PBXTargetDependency */,
				348BD8B935B08A600D0229D1 /* PBXTargetDependency */,
			);
			fileSystemSynchronizedGroups = (
				15E7517F2FF4A90000FA8025 /* ChapterFlow */,
			);
			name = ChapterFlow;
			packageProductDependencies = (
				A8255B985D25AB005A4FF769 /* AppFeature */,
			);
			productName = ChapterFlow;
			productReference = 15E7517D2FF4A90000FA8025 /* ChapterFlow.app */;
			productType = "com.apple.product-type.application";
		};
		1C0EE782616AF2DD9385EDB7 /* NotificationContent */ = {
			isa = PBXNativeTarget;
			buildConfigurationList = 455451A8FF8DD5C0A74EEE68 /* Build configuration list for PBXNativeTarget "NotificationContent" */;
			buildPhases = (
				3FCFEEB02F5F91058C2A0A46 /* Sources */,
				507B623D08B92A7A7CFC0189 /* Frameworks */,
				19D77711E150E061EE9911BD /* Resources */,
			);
			buildRules = (
			);
			dependencies = (
			);
			name = NotificationContent;
			packageProductDependencies = (
				69E5F26EF752F84EAC76CDF5 /* RichNotificationCore */,
			);
			productName = NotificationContent;
			productReference = A6992C8FB168943BAC7A4CF9 /* NotificationContent.appex */;
			productType = "com.apple.product-type.app-extension";
		};
		D3948911419436A64F970E67 /* NotificationService */ = {
			isa = PBXNativeTarget;
			buildConfigurationList = 217F8F7715D4FFFBC2950A70 /* Build configuration list for PBXNativeTarget "NotificationService" */;
			buildPhases = (
				69EA5D119810E4ECF78A6A00 /* Sources */,
				FA8BAD992FD3DEA5FE202E0E /* Frameworks */,
				14CD0D726586896CC1CB0353 /* Resources */,
			);
			buildRules = (
			);
			dependencies = (
			);
			name = NotificationService;
			packageProductDependencies = (
				E3EC72D8EFB91CE3E192E191 /* RichNotificationCore */,
			);
			productName = NotificationService;
			productReference = D6EA223239B880CEA0AC6841 /* NotificationService.appex */;
			productType = "com.apple.product-type.app-extension";
		};
/* End PBXNativeTarget section */

/* Begin PBXProject section */
		15E751752FF4A90000FA8025 /* Project object */ = {
			isa = PBXProject;
			attributes = {
				BuildIndependentTargetsInParallel = 1;
				LastSwiftUpdateCheck = 2660;
				LastUpgradeCheck = 2660;
				TargetAttributes = {
					15E7517C2FF4A90000FA8025 = {
						CreatedOnToolsVersion = 26.6;
					};
				};
			};
			buildConfigurationList = 15E751782FF4A90000FA8025 /* Build configuration list for PBXProject "ChapterFlow" */;
			developmentRegion = en;
			hasScannedForEncodings = 0;
			knownRegions = (
				en,
				Base,
			);
			mainGroup = 15E751742FF4A90000FA8025;
			minimizedProjectReferenceProxies = 1;
			packageReferences = (
				AEBC4AF79EA1DFC947B53B2B /* XCLocalSwiftPackageReference "AppFeature" */,
				A603796C2B17064A940251E1 /* XCLocalSwiftPackageReference "NotificationsFeature" */,
			);
			preferredProjectObjectVersion = 77;
			productRefGroup = 15E7517E2FF4A90000FA8025 /* Products */;
			projectDirPath = "";
			projectRoot = "";
			targets = (
				15E7517C2FF4A90000FA8025 /* ChapterFlow */,
				D3948911419436A64F970E67 /* NotificationService */,
				1C0EE782616AF2DD9385EDB7 /* NotificationContent */,
			);
		};
/* End PBXProject section */

/* Begin PBXResourcesBuildPhase section */
		14CD0D726586896CC1CB0353 /* Resources */ = {
			isa = PBXResourcesBuildPhase;
			buildActionMask = 2147483647;
			files = (
			);
			runOnlyForDeploymentPostprocessing = 0;
		};
		15E7517B2FF4A90000FA8025 /* Resources */ = {
			isa = PBXResourcesBuildPhase;
			buildActionMask = 2147483647;
			files = (
			);
			runOnlyForDeploymentPostprocessing = 0;
		};
		19D77711E150E061EE9911BD /* Resources */ = {
			isa = PBXResourcesBuildPhase;
			buildActionMask = 2147483647;
			files = (
			);
			runOnlyForDeploymentPostprocessing = 0;
		};
/* End PBXResourcesBuildPhase section */

/* Begin PBXSourcesBuildPhase section */
		15E751792FF4A90000FA8025 /* Sources */ = {
			isa = PBXSourcesBuildPhase;
			buildActionMask = 2147483647;
			files = (
			);
			runOnlyForDeploymentPostprocessing = 0;
		};
		3FCFEEB02F5F91058C2A0A46 /* Sources */ = {
			isa = PBXSourcesBuildPhase;
			buildActionMask = 2147483647;
			files = (
				3F06D4B7F572315C6EF747BD /* BadgeCelebrationView.swift in Sources */,
				2CB5018606CABCC6E54F861C /* NotificationViewController.swift in Sources */,
			);
			runOnlyForDeploymentPostprocessing = 0;
		};
		69EA5D119810E4ECF78A6A00 /* Sources */ = {
			isa = PBXSourcesBuildPhase;
			buildActionMask = 2147483647;
			files = (
				EDFDEA9C83B4DC9D20B0DAF6 /* AttachmentBuilder.swift in Sources */,
				A4022E7F295FE0C3BEA929F7 /* NotificationServiceExtension.swift in Sources */,
			);
			runOnlyForDeploymentPostprocessing = 0;
		};
/* End PBXSourcesBuildPhase section */

/* Begin PBXTargetDependency section */
		348BD8B935B08A600D0229D1 /* PBXTargetDependency */ = {
			isa = PBXTargetDependency;
			name = NotificationContent;
			target = 1C0EE782616AF2DD9385EDB7 /* NotificationContent */;
			targetProxy = 9A6C39CAEF0DD6228E20D728 /* PBXContainerItemProxy */;
		};
		6C98670E4BE43DC7866E4046 /* PBXTargetDependency */ = {
			isa = PBXTargetDependency;
			name = NotificationService;
			target = D3948911419436A64F970E67 /* NotificationService */;
			targetProxy = 00BC345F0F71D25AD124AF4F /* PBXContainerItemProxy */;
		};
/* End PBXTargetDependency section */

/* Begin XCBuildConfiguration section */
		15E751862FF4A90400FA8025 /* Debug */ = {
			isa = XCBuildConfiguration;
			buildSettings = {
				ALWAYS_SEARCH_USER_PATHS = NO;
				ASSETCATALOG_COMPILER_GENERATE_SWIFT_ASSET_SYMBOL_EXTENSIONS = YES;
				CLANG_ANALYZER_NONNULL = YES;
				CLANG_ANALYZER_NUMBER_OBJECT_CONVERSION = YES_AGGRESSIVE;
				CLANG_CXX_LANGUAGE_STANDARD = "gnu++20";
				CLANG_ENABLE_MODULES = YES;
				CLANG_ENABLE_OBJC_ARC = YES;
				CLANG_ENABLE_OBJC_WEAK = YES;
				CLANG_WARN_BLOCK_CAPTURE_AUTORELEASING = YES;
				CLANG_WARN_BOOL_CONVERSION = YES;
				CLANG_WARN_COMMA = YES;
				CLANG_WARN_CONSTANT_CONVERSION = YES;
				CLANG_WARN_DEPRECATED_OBJC_IMPLEMENTATIONS = YES;
				CLANG_WARN_DIRECT_OBJC_ISA_USAGE = YES_ERROR;
				CLANG_WARN_DOCUMENTATION_COMMENTS = YES;
				CLANG_WARN_EMPTY_BODY = YES;
				CLANG_WARN_ENUM_CONVERSION = YES;
				CLANG_WARN_INFINITE_RECURSION = YES;
				CLANG_WARN_INT_CONVERSION = YES;
				CLANG_WARN_NON_LITERAL_NULL_CONVERSION = YES;
				CLANG_WARN_OBJC_IMPLICIT_RETAIN_SELF = YES;
				CLANG_WARN_OBJC_LITERAL_CONVERSION = YES;
				CLANG_WARN_OBJC_ROOT_CLASS = YES_ERROR;
				CLANG_WARN_QUOTED_INCLUDE_IN_FRAMEWORK_HEADER = YES;
				CLANG_WARN_RANGE_LOOP_ANALYSIS = YES;
				CLANG_WARN_STRICT_PROTOTYPES = YES;
				CLANG_WARN_SUSPICIOUS_MOVE = YES;
				CLANG_WARN_UNGUARDED_AVAILABILITY = YES_AGGRESSIVE;
				CLANG_WARN_UNREACHABLE_CODE = YES;
				CLANG_WARN__DUPLICATE_METHOD_MATCH = YES;
				COPY_PHASE_STRIP = NO;
				DEBUG_INFORMATION_FORMAT = dwarf;
				ENABLE_STRICT_OBJC_MSGSEND = YES;
				ENABLE_TESTABILITY = YES;
				ENABLE_USER_SCRIPT_SANDBOXING = YES;
				GCC_C_LANGUAGE_STANDARD = gnu17;
				GCC_DYNAMIC_NO_PIC = NO;
				GCC_NO_COMMON_BLOCKS = YES;
				GCC_OPTIMIZATION_LEVEL = 0;
				GCC_PREPROCESSOR_DEFINITIONS = (
					"DEBUG=1",
					"$(inherited)",
				);
				GCC_WARN_64_TO_32_BIT_CONVERSION = YES;
				GCC_WARN_ABOUT_RETURN_TYPE = YES_ERROR;
				GCC_WARN_UNDECLARED_SELECTOR = YES;
				GCC_WARN_UNINITIALIZED_AUTOS = YES_AGGRESSIVE;
				GCC_WARN_UNUSED_FUNCTION = YES;
				GCC_WARN_UNUSED_VARIABLE = YES;
				IPHONEOS_DEPLOYMENT_TARGET = 18.0;
				LOCALIZATION_PREFERS_STRING_CATALOGS = YES;
				MTL_ENABLE_DEBUG_INFO = INCLUDE_SOURCE;
				MTL_FAST_MATH = YES;
				ONLY_ACTIVE_ARCH = YES;
				SDKROOT = iphoneos;
				SWIFT_ACTIVE_COMPILATION_CONDITIONS = "DEBUG $(inherited)";
				SWIFT_OPTIMIZATION_LEVEL = "-Onone";
			};
			name = Debug;
		};
		15E751872FF4A90400FA8025 /* Release */ = {
			isa = XCBuildConfiguration;
			buildSettings = {
				ALWAYS_SEARCH_USER_PATHS = NO;
				ASSETCATALOG_COMPILER_GENERATE_SWIFT_ASSET_SYMBOL_EXTENSIONS = YES;
				CLANG_ANALYZER_NONNULL = YES;
				CLANG_ANALYZER_NUMBER_OBJECT_CONVERSION = YES_AGGRESSIVE;
				CLANG_CXX_LANGUAGE_STANDARD = "gnu++20";
				CLANG_ENABLE_MODULES = YES;
				CLANG_ENABLE_OBJC_ARC = YES;
				CLANG_ENABLE_OBJC_WEAK = YES;
				CLANG_WARN_BLOCK_CAPTURE_AUTORELEASING = YES;
				CLANG_WARN_BOOL_CONVERSION = YES;
				CLANG_WARN_COMMA = YES;
				CLANG_WARN_CONSTANT_CONVERSION = YES;
				CLANG_WARN_DEPRECATED_OBJC_IMPLEMENTATIONS = YES;
				CLANG_WARN_DIRECT_OBJC_ISA_USAGE = YES_ERROR;
				CLANG_WARN_DOCUMENTATION_COMMENTS = YES;
				CLANG_WARN_EMPTY_BODY = YES;
				CLANG_WARN_ENUM_CONVERSION = YES;
				CLANG_WARN_INFINITE_RECURSION = YES;
				CLANG_WARN_INT_CONVERSION = YES;
				CLANG_WARN_NON_LITERAL_NULL_CONVERSION = YES;
				CLANG_WARN_OBJC_IMPLICIT_RETAIN_SELF = YES;
				CLANG_WARN_OBJC_LITERAL_CONVERSION = YES;
				CLANG_WARN_OBJC_ROOT_CLASS = YES_ERROR;
				CLANG_WARN_QUOTED_INCLUDE_IN_FRAMEWORK_HEADER = YES;
				CLANG_WARN_RANGE_LOOP_ANALYSIS = YES;
				CLANG_WARN_STRICT_PROTOTYPES = YES;
				CLANG_WARN_SUSPICIOUS_MOVE = YES;
				CLANG_WARN_UNGUARDED_AVAILABILITY = YES_AGGRESSIVE;
				CLANG_WARN_UNREACHABLE_CODE = YES;
				CLANG_WARN__DUPLICATE_METHOD_MATCH = YES;
				COPY_PHASE_STRIP = NO;
				DEBUG_INFORMATION_FORMAT = "dwarf-with-dsym";
				ENABLE_NS_ASSERTIONS = NO;
				ENABLE_STRICT_OBJC_MSGSEND = YES;
				ENABLE_USER_SCRIPT_SANDBOXING = YES;
				GCC_C_LANGUAGE_STANDARD = gnu17;
				GCC_NO_COMMON_BLOCKS = YES;
				GCC_WARN_64_TO_32_BIT_CONVERSION = YES;
				GCC_WARN_ABOUT_RETURN_TYPE = YES_ERROR;
				GCC_WARN_UNDECLARED_SELECTOR = YES;
				GCC_WARN_UNINITIALIZED_AUTOS = YES_AGGRESSIVE;
				GCC_WARN_UNUSED_FUNCTION = YES;
				GCC_WARN_UNUSED_VARIABLE = YES;
				IPHONEOS_DEPLOYMENT_TARGET = 18.0;
				LOCALIZATION_PREFERS_STRING_CATALOGS = YES;
				MTL_ENABLE_DEBUG_INFO = NO;
				MTL_FAST_MATH = YES;
				SDKROOT = iphoneos;
				SWIFT_COMPILATION_MODE = wholemodule;
				VALIDATE_PRODUCT = YES;
			};
			name = Release;
		};
		15E751892FF4A90400FA8025 /* Debug */ = {
			isa = XCBuildConfiguration;
			baseConfigurationReference = 18EA46ABF3A38A13F2985782 /* Secrets.xcconfig */;
			buildSettings = {
				ASSETCATALOG_COMPILER_APPICON_NAME = AppIcon;
				ASSETCATALOG_COMPILER_GLOBAL_ACCENT_COLOR_NAME = AccentColor;
				CODE_SIGN_ENTITLEMENTS = Config/ChapterFlow.entitlements;
				CODE_SIGN_STYLE = Automatic;
				CURRENT_PROJECT_VERSION = 1;
				ENABLE_PREVIEWS = YES;
				GCC_TREAT_WARNINGS_AS_ERRORS = NO;
				GENERATE_INFOPLIST_FILE = YES;
				INFOPLIST_FILE = Config/Info.plist;
				INFOPLIST_KEY_UIApplicationSceneManifest_Generation = YES;
				INFOPLIST_KEY_UIApplicationSupportsIndirectInputEvents = YES;
				INFOPLIST_KEY_UILaunchScreen_Generation = YES;
				INFOPLIST_KEY_UISupportedInterfaceOrientations_iPad = "UIInterfaceOrientationPortrait UIInterfaceOrientationPortraitUpsideDown UIInterfaceOrientationLandscapeLeft UIInterfaceOrientationLandscapeRight";
				INFOPLIST_KEY_UISupportedInterfaceOrientations_iPhone = "UIInterfaceOrientationPortrait UIInterfaceOrientationLandscapeLeft UIInterfaceOrientationLandscapeRight";
				IPHONEOS_DEPLOYMENT_TARGET = 18.0;
				LD_RUNPATH_SEARCH_PATHS = (
					"$(inherited)",
					"@executable_path/Frameworks",
				);
				MARKETING_VERSION = 1.0;
				PRODUCT_BUNDLE_IDENTIFIER = com.chapterflow.ios;
				PRODUCT_NAME = "$(TARGET_NAME)";
				STRING_CATALOG_GENERATE_SYMBOLS = YES;
				SWIFT_APPROACHABLE_CONCURRENCY = YES;
				SWIFT_DEFAULT_ACTOR_ISOLATION = MainActor;
				SWIFT_EMIT_LOC_STRINGS = YES;
				SWIFT_STRICT_CONCURRENCY = complete;
				SWIFT_TREAT_WARNINGS_AS_ERRORS = NO;
				SWIFT_UPCOMING_FEATURE_MEMBER_IMPORT_VISIBILITY = YES;
				SWIFT_VERSION = 6.0;
				TARGETED_DEVICE_FAMILY = "1,2";
			};
			name = Debug;
		};
		15E7518A2FF4A90400FA8025 /* Release */ = {
			isa = XCBuildConfiguration;
			baseConfigurationReference = 18EA46ABF3A38A13F2985782 /* Secrets.xcconfig */;
			buildSettings = {
				ASSETCATALOG_COMPILER_APPICON_NAME = AppIcon;
				ASSETCATALOG_COMPILER_GLOBAL_ACCENT_COLOR_NAME = AccentColor;
				CODE_SIGN_ENTITLEMENTS = Config/ChapterFlow.entitlements;
				CODE_SIGN_STYLE = Automatic;
				CURRENT_PROJECT_VERSION = 1;
				ENABLE_PREVIEWS = YES;
				GCC_TREAT_WARNINGS_AS_ERRORS = NO;
				GENERATE_INFOPLIST_FILE = YES;
				INFOPLIST_FILE = Config/Info.plist;
				INFOPLIST_KEY_UIApplicationSceneManifest_Generation = YES;
				INFOPLIST_KEY_UIApplicationSupportsIndirectInputEvents = YES;
				INFOPLIST_KEY_UILaunchScreen_Generation = YES;
				INFOPLIST_KEY_UISupportedInterfaceOrientations_iPad = "UIInterfaceOrientationPortrait UIInterfaceOrientationPortraitUpsideDown UIInterfaceOrientationLandscapeLeft UIInterfaceOrientationLandscapeRight";
				INFOPLIST_KEY_UISupportedInterfaceOrientations_iPhone = "UIInterfaceOrientationPortrait UIInterfaceOrientationLandscapeLeft UIInterfaceOrientationLandscapeRight";
				IPHONEOS_DEPLOYMENT_TARGET = 18.0;
				LD_RUNPATH_SEARCH_PATHS = (
					"$(inherited)",
					"@executable_path/Frameworks",
				);
				MARKETING_VERSION = 1.0;
				PRODUCT_BUNDLE_IDENTIFIER = com.chapterflow.ios;
				PRODUCT_NAME = "$(TARGET_NAME)";
				STRING_CATALOG_GENERATE_SYMBOLS = YES;
				SWIFT_APPROACHABLE_CONCURRENCY = YES;
				SWIFT_DEFAULT_ACTOR_ISOLATION = MainActor;
				SWIFT_EMIT_LOC_STRINGS = YES;
				SWIFT_STRICT_CONCURRENCY = complete;
				SWIFT_TREAT_WARNINGS_AS_ERRORS = NO;
				SWIFT_UPCOMING_FEATURE_MEMBER_IMPORT_VISIBILITY = YES;
				SWIFT_VERSION = 6.0;
				TARGETED_DEVICE_FAMILY = "1,2";
			};
			name = Release;
		};
		2F85FBA6923694B3B9EC664F /* Release */ = {
			isa = XCBuildConfiguration;
			buildSettings = {
				CLANG_ENABLE_OBJC_WEAK = NO;
				CODE_SIGN_ENTITLEMENTS = NotificationService/NotificationService.entitlements;
				CODE_SIGN_STYLE = Automatic;
				CURRENT_PROJECT_VERSION = 1;
				GENERATE_INFOPLIST_FILE = NO;
				INFOPLIST_FILE = NotificationService/Info.plist;
				IPHONEOS_DEPLOYMENT_TARGET = 18.0;
				MARKETING_VERSION = 1.0;
				PRODUCT_BUNDLE_IDENTIFIER = com.chapterflow.ios.NotificationService;
				PRODUCT_NAME = "$(TARGET_NAME)";
				SDKROOT = iphoneos;
				SKIP_INSTALL = YES;
				SWIFT_VERSION = 6.0;
				TARGETED_DEVICE_FAMILY = "1,2";
				VALIDATE_PRODUCT = YES;
			};
			name = Release;
		};
		3C501BA8E7155F332B0371CE /* Debug */ = {
			isa = XCBuildConfiguration;
			buildSettings = {
				CLANG_ENABLE_OBJC_WEAK = NO;
				CODE_SIGN_ENTITLEMENTS = NotificationContent/NotificationContent.entitlements;
				CODE_SIGN_STYLE = Automatic;
				CURRENT_PROJECT_VERSION = 1;
				GENERATE_INFOPLIST_FILE = NO;
				INFOPLIST_FILE = NotificationContent/Info.plist;
				IPHONEOS_DEPLOYMENT_TARGET = 18.0;
				MARKETING_VERSION = 1.0;
				PRODUCT_BUNDLE_IDENTIFIER = com.chapterflow.ios.NotificationContent;
				PRODUCT_NAME = "$(TARGET_NAME)";
				SDKROOT = iphoneos;
				SKIP_INSTALL = YES;
				SWIFT_VERSION = 6.0;
				TARGETED_DEVICE_FAMILY = "1,2";
			};
			name = Debug;
		};
		4B7BE6EB4703BE5C107B85C2 /* Debug */ = {
			isa = XCBuildConfiguration;
			buildSettings = {
				CLANG_ENABLE_OBJC_WEAK = NO;
				CODE_SIGN_ENTITLEMENTS = NotificationService/NotificationService.entitlements;
				CODE_SIGN_STYLE = Automatic;
				CURRENT_PROJECT_VERSION = 1;
				GENERATE_INFOPLIST_FILE = NO;
				INFOPLIST_FILE = NotificationService/Info.plist;
				IPHONEOS_DEPLOYMENT_TARGET = 18.0;
				MARKETING_VERSION = 1.0;
				PRODUCT_BUNDLE_IDENTIFIER = com.chapterflow.ios.NotificationService;
				PRODUCT_NAME = "$(TARGET_NAME)";
				SDKROOT = iphoneos;
				SKIP_INSTALL = YES;
				SWIFT_VERSION = 6.0;
				TARGETED_DEVICE_FAMILY = "1,2";
			};
			name = Debug;
		};
		55DBA827636C57D954C36AC7 /* Release */ = {
			isa = XCBuildConfiguration;
			buildSettings = {
				CLANG_ENABLE_OBJC_WEAK = NO;
				CODE_SIGN_ENTITLEMENTS = NotificationContent/NotificationContent.entitlements;
				CODE_SIGN_STYLE = Automatic;
				CURRENT_PROJECT_VERSION = 1;
				GENERATE_INFOPLIST_FILE = NO;
				INFOPLIST_FILE = NotificationContent/Info.plist;
				IPHONEOS_DEPLOYMENT_TARGET = 18.0;
				MARKETING_VERSION = 1.0;
				PRODUCT_BUNDLE_IDENTIFIER = com.chapterflow.ios.NotificationContent;
				PRODUCT_NAME = "$(TARGET_NAME)";
				SDKROOT = iphoneos;
				SKIP_INSTALL = YES;
				SWIFT_VERSION = 6.0;
				TARGETED_DEVICE_FAMILY = "1,2";
				VALIDATE_PRODUCT = YES;
			};
			name = Release;
		};
/* End XCBuildConfiguration section */

/* Begin XCConfigurationList section */
		15E751782FF4A90000FA8025 /* Build configuration list for PBXProject "ChapterFlow" */ = {
			isa = XCConfigurationList;
			buildConfigurations = (
				15E751862FF4A90400FA8025 /* Debug */,
				15E751872FF4A90400FA8025 /* Release */,
			);
			defaultConfigurationIsVisible = 0;
			defaultConfigurationName = Release;
		};
		15E751882FF4A90400FA8025 /* Build configuration list for PBXNativeTarget "ChapterFlow" */ = {
			isa = XCConfigurationList;
			buildConfigurations = (
				15E751892FF4A90400FA8025 /* Debug */,
				15E7518A2FF4A90400FA8025 /* Release */,
			);
			defaultConfigurationIsVisible = 0;
			defaultConfigurationName = Release;
		};
		217F8F7715D4FFFBC2950A70 /* Build configuration list for PBXNativeTarget "NotificationService" */ = {
			isa = XCConfigurationList;
			buildConfigurations = (
				2F85FBA6923694B3B9EC664F /* Release */,
				4B7BE6EB4703BE5C107B85C2 /* Debug */,
			);
			defaultConfigurationIsVisible = 0;
			defaultConfigurationName = Release;
		};
		455451A8FF8DD5C0A74EEE68 /* Build configuration list for PBXNativeTarget "NotificationContent" */ = {
			isa = XCConfigurationList;
			buildConfigurations = (
				55DBA827636C57D954C36AC7 /* Release */,
				3C501BA8E7155F332B0371CE /* Debug */,
			);
			defaultConfigurationIsVisible = 0;
			defaultConfigurationName = Release;
		};
/* End XCConfigurationList section */

/* Begin XCLocalSwiftPackageReference section */
		A603796C2B17064A940251E1 /* XCLocalSwiftPackageReference "NotificationsFeature" */ = {
			isa = XCLocalSwiftPackageReference;
			relativePath = Packages/NotificationsFeature;
		};
		AEBC4AF79EA1DFC947B53B2B /* XCLocalSwiftPackageReference "AppFeature" */ = {
			isa = XCLocalSwiftPackageReference;
			relativePath = Packages/AppFeature;
		};
/* End XCLocalSwiftPackageReference section */

/* Begin XCSwiftPackageProductDependency section */
		69E5F26EF752F84EAC76CDF5 /* RichNotificationCore */ = {
			isa = XCSwiftPackageProductDependency;
			package = A603796C2B17064A940251E1 /* XCLocalSwiftPackageReference "NotificationsFeature" */;
			productName = RichNotificationCore;
		};
		A8255B985D25AB005A4FF769 /* AppFeature */ = {
			isa = XCSwiftPackageProductDependency;
			package = AEBC4AF79EA1DFC947B53B2B /* XCLocalSwiftPackageReference "AppFeature" */;
			productName = AppFeature;
		};
		E3EC72D8EFB91CE3E192E191 /* RichNotificationCore */ = {
			isa = XCSwiftPackageProductDependency;
			package = A603796C2B17064A940251E1 /* XCLocalSwiftPackageReference "NotificationsFeature" */;
			productName = RichNotificationCore;
		};
/* End XCSwiftPackageProductDependency section */
	};
	rootObject = 15E751752FF4A90000FA8025 /* Project object */;
}
