{
  "originHash" : "bad2f1280337227ed85dee1983c27716556b34eec4af20cd2718be371dd0a73f",
  "pins" : [
    {
      "identity" : "sentry-cocoa",
      "kind" : "remoteSourceControl",
      "location" : "https://github.com/getsentry/sentry-cocoa",
      "state" : {
        "revision" : "dad229c665bfd043c5d80ac7aa77717cbd19a1c3",
        "version" : "8.58.3"
      }
    }
  ],
  "version" : 3
}
